
Microsoft Visual Studio Solution File, Format Version 12.00
# Visual Studio 15
VisualStudioVersion = 15.0.28307.168
MinimumVisualStudioVersion = 10.0.40219.1
Project("{FAE04EC0-301F-11D3-BF4B-00C04F79EFBC}") = "TNotes", "TNotes\TNotes.csproj", "{8E687234-DDB4-4FF0-A7AC-7AE03B07C649}"
EndProject
Global
	GlobalSection(SolutionConfigurationPlatforms) = preSolution
		Debug|Any CPU = Debug|Any CPU
		Release|Any CPU = Release|Any CPU
	EndGlobalSection
	GlobalSection(ProjectConfigurationPlatforms) = postSolution
		{8E687234-DDB4-4FF0-A7AC-7AE03B07C649}.Debug|Any CPU.ActiveCfg = Debug|Any CPU
		{8E687234-DDB4-4FF0-A7AC-7AE03B07C649}.Debug|Any CPU.Build.0 = Debug|Any CPU
		{8E687234-DDB4-4FF0-A7AC-7AE03B07C649}.Release|Any CPU.ActiveCfg = Release|Any CPU
		{8E687234-DDB4-4FF0-A7AC-7AE03B07C649}.Release|Any CPU.Build.0 = Release|Any CPU
	EndGlobalSection
	GlobalSection(SolutionProperties) = preSolution
		HideSolutionNode = FALSE
	EndGlobalSection
	GlobalSection(ExtensibilityGlobals) = postSolution
		SolutionGuid = {C298AAD6-42F2-452F-9710-FFD0BD68D9F7}
	EndGlobalSection
EndGlobal
